
Microsoft Visual Studio Solution File, Format Version 12.00
# Visual Studio Version 17
VisualStudioVersion = 17.4.33020.496
MinimumVisualStudioVersion = 10.0.40219.1
Project("{9A19103F-16F7-4668-BE54-9A1E7A4F7556}") = "MegghyDanmakuWASM", "MegghyDanmakuWASM\MegghyDanmakuWASM.csproj", "{A0B5B121-6983-4B67-AB6C-1AC19A9E03C0}"
EndProject
Project("{FAE04EC0-301F-11D3-BF4B-00C04F79EFBC}") = "MegghyDanmakuShared", "MegghyDanmakuShared\MegghyDanmakuShared.csproj", "{9BF7EE65-79E6-4784-903F-860773A266CE}"
EndProject
Project("{2150E333-8FDC-42A3-9474-1A3956D46DE8}") = "Solution Items", "Solution Items", "{4D1D172D-85CE-49E0-ABC4-E9245A855957}"
	ProjectSection(SolutionItems) = preProject
		.editorconfig = .editorconfig
	EndProjectSection
EndProject
Global
	GlobalSection(SolutionConfigurationPlatforms) = preSolution
		Debug|Any CPU = Debug|Any CPU
		Release|Any CPU = Release|Any CPU
	EndGlobalSection
	GlobalSection(ProjectConfigurationPlatforms) = postSolution
		{A0B5B121-6983-4B67-AB6C-1AC19A9E03C0}.Debug|Any CPU.ActiveCfg = Debug|Any CPU
		{A0B5B121-6983-4B67-AB6C-1AC19A9E03C0}.Debug|Any CPU.Build.0 = Debug|Any CPU
		{A0B5B121-6983-4B67-AB6C-1AC19A9E03C0}.Release|Any CPU.ActiveCfg = Release|Any CPU
		{A0B5B121-6983-4B67-AB6C-1AC19A9E03C0}.Release|Any CPU.Build.0 = Release|Any CPU
		{9BF7EE65-79E6-4784-903F-860773A266CE}.Debug|Any CPU.ActiveCfg = Debug|Any CPU
		{9BF7EE65-79E6-4784-903F-860773A266CE}.Debug|Any CPU.Build.0 = Debug|Any CPU
		{9BF7EE65-79E6-4784-903F-860773A266CE}.Release|Any CPU.ActiveCfg = Release|Any CPU
		{9BF7EE65-79E6-4784-903F-860773A266CE}.Release|Any CPU.Build.0 = Release|Any CPU
	EndGlobalSection
	GlobalSection(SolutionProperties) = preSolution
		HideSolutionNode = FALSE
	EndGlobalSection
	GlobalSection(ExtensibilityGlobals) = postSolution
		SolutionGuid = {C940C367-D25E-4212-A049-4CDAEE81AC09}
	EndGlobalSection
EndGlobal
